
Microsoft Visual Studio Solution File, Format Version 12.00
# Visual Studio 15
VisualStudioVersion = 15.0.27428.2015
MinimumVisualStudioVersion = 10.0.40219.1
Project("{FAE04EC0-301F-11D3-BF4B-00C04F79EFBC}") = "Bookshop", "Bookshop\Bookshop.csproj", "{66111C39-415E-4162-BC6C-0FACA099A6B7}"
EndProject
Project("{FAE04EC0-301F-11D3-BF4B-00C04F79EFBC}") = "BookshopTests", "BookshopTests\BookshopTests.csproj", "{5C05145C-436B-426E-B256-60E790967469}"
EndProject
Global
	GlobalSection(SolutionConfigurationPlatforms) = preSolution
		Debug|Any CPU = Debug|Any CPU
		Debug|ARM = Debug|ARM
		Debug|x64 = Debug|x64
		Debug|x86 = Debug|x86
		Release|Any CPU = Release|Any CPU
		Release|ARM = Release|ARM
		Release|x64 = Release|x64
		Release|x86 = Release|x86
	EndGlobalSection
	GlobalSection(ProjectConfigurationPlatforms) = postSolution
		{66111C39-415E-4162-BC6C-0FACA099A6B7}.Debug|Any CPU.ActiveCfg = Debug|Any CPU
		{66111C39-415E-4162-BC6C-0FACA099A6B7}.Debug|Any CPU.Build.0 = Debug|Any CPU
		{66111C39-415E-4162-BC6C-0FACA099A6B7}.Debug|ARM.ActiveCfg = Debug|Any CPU
		{66111C39-415E-4162-BC6C-0FACA099A6B7}.Debug|ARM.Build.0 = Debug|Any CPU
		{66111C39-415E-4162-BC6C-0FACA099A6B7}.Debug|x64.ActiveCfg = Debug|Any CPU
		{66111C39-415E-4162-BC6C-0FACA099A6B7}.Debug|x64.Build.0 = Debug|Any CPU
		{66111C39-415E-4162-BC6C-0FACA099A6B7}.Debug|x86.ActiveCfg = Debug|Any CPU
		{66111C39-415E-4162-BC6C-0FACA099A6B7}.Debug|x86.Build.0 = Debug|Any CPU
		{66111C39-415E-4162-BC6C-0FACA099A6B7}.Release|Any CPU.ActiveCfg = Release|Any CPU
		{66111C39-415E-4162-BC6C-0FACA099A6B7}.Release|Any CPU.Build.0 = Release|Any CPU
		{66111C39-415E-4162-BC6C-0FACA099A6B7}.Release|ARM.ActiveCfg = Release|Any CPU
		{66111C39-415E-4162-BC6C-0FACA099A6B7}.Release|ARM.Build.0 = Release|Any CPU
		{66111C39-415E-4162-BC6C-0FACA099A6B7}.Release|x64.ActiveCfg = Release|Any CPU
		{66111C39-415E-4162-BC6C-0FACA099A6B7}.Release|x64.Build.0 = Release|Any CPU
		{66111C39-415E-4162-BC6C-0FACA099A6B7}.Release|x86.ActiveCfg = Release|Any CPU
		{66111C39-415E-4162-BC6C-0FACA099A6B7}.Release|x86.Build.0 = Release|Any CPU
		{5C05145C-436B-426E-B256-60E790967469}.Debug|Any CPU.ActiveCfg = Debug|Any CPU
		{5C05145C-436B-426E-B256-60E790967469}.Debug|Any CPU.Build.0 = Debug|Any CPU
		{5C05145C-436B-426E-B256-60E790967469}.Debug|ARM.ActiveCfg = Debug|Any CPU
		{5C05145C-436B-426E-B256-60E790967469}.Debug|ARM.Build.0 = Debug|Any CPU
		{5C05145C-436B-426E-B256-60E790967469}.Debug|x64.ActiveCfg = Debug|Any CPU
		{5C05145C-436B-426E-B256-60E790967469}.Debug|x64.Build.0 = Debug|Any CPU
		{5C05145C-436B-426E-B256-60E790967469}.Debug|x86.ActiveCfg = Debug|Any CPU
		{5C05145C-436B-426E-B256-60E790967469}.Debug|x86.Build.0 = Debug|Any CPU
		{5C05145C-436B-426E-B256-60E790967469}.Release|Any CPU.ActiveCfg = Release|Any CPU
		{5C05145C-436B-426E-B256-60E790967469}.Release|Any CPU.Build.0 = Release|Any CPU
		{5C05145C-436B-426E-B256-60E790967469}.Release|ARM.ActiveCfg = Release|Any CPU
		{5C05145C-436B-426E-B256-60E790967469}.Release|ARM.Build.0 = Release|Any CPU
		{5C05145C-436B-426E-B256-60E790967469}.Release|x64.ActiveCfg = Release|Any CPU
		{5C05145C-436B-426E-B256-60E790967469}.Release|x64.Build.0 = Release|Any CPU
		{5C05145C-436B-426E-B256-60E790967469}.Release|x86.ActiveCfg = Release|Any CPU
		{5C05145C-436B-426E-B256-60E790967469}.Release|x86.Build.0 = Release|Any CPU
	EndGlobalSection
	GlobalSection(SolutionProperties) = preSolution
		HideSolutionNode = FALSE
	EndGlobalSection
	GlobalSection(ExtensibilityGlobals) = postSolution
		SolutionGuid = {8385BFDE-973E-4583-B7BB-62993B862D02}
	EndGlobalSection
EndGlobal
